Microsoft Visual Studio Solution File, Format Version 12.00
# Visual Studio Version 17
VisualStudioVersion = 17.5.2.0
MinimumVisualStudioVersion = 10.0.40219.1
Project("{FAE04EC0-301F-11D3-BF4B-00C04F79EFBC}") = "Student API", "Student API.csproj", "{8DC53DC6-7337-8FF3-59F2-379EF563ECF8}"
EndProject
Global
	GlobalSection(SolutionConfigurationPlatforms) = preSolution
		Debug|Any CPU = Debug|Any CPU
		Release|Any CPU = Release|Any CPU
	EndGlobalSection
	GlobalSection(ProjectConfigurationPlatforms) = postSolution
		{8DC53DC6-7337-8FF3-59F2-379EF563ECF8}.Debug|Any CPU.ActiveCfg = Debug|Any CPU
		{8DC53DC6-7337-8FF3-59F2-379EF563ECF8}.Debug|Any CPU.Build.0 = Debug|Any CPU
		{8DC53DC6-7337-8FF3-59F2-379EF563ECF8}.Release|Any CPU.ActiveCfg = Release|Any CPU
		{8DC53DC6-7337-8FF3-59F2-379EF563ECF8}.Release|Any CPU.Build.0 = Release|Any CPU
	EndGlobalSection
	GlobalSection(SolutionProperties) = preSolution
		HideSolutionNode = FALSE
	EndGlobalSection
	GlobalSection(ExtensibilityGlobals) = postSolution
		SolutionGuid = {6AF7FF90-4957-42B5-81A4-5DCD81EB3B29}
	EndGlobalSection
EndGlobal
